
Microsoft Visual Studio Solution File, Format Version 12.00
Project("{2150E333-8FDC-42A3-9474-1A3956D46DE8}") = "Core", "Core", "{9EE38DFD-D427-4984-9BA0-03D6DCDD1098}"
EndProject
Project("{2150E333-8FDC-42A3-9474-1A3956D46DE8}") = "Infrastructure", "Infrastructure", "{942A6253-FF2C-4DA3-92B7-726357967A5D}"
EndProject
Project("{2150E333-8FDC-42A3-9474-1A3956D46DE8}") = "Presentation", "Presentation", "{B0645AC6-64BE-4BE8-A6C4-8D1C9E6BF749}"
EndProject
Project("{FAE04EC0-301F-11D3-BF4B-00C04F79EFBC}") = "EaseShop.API", "Presentation\EaseShop.API\EaseShop.API.csproj", "{8D3D4208-5AC3-4510-BB41-4E1C9434F802}"
EndProject
Project("{FAE04EC0-301F-11D3-BF4B-00C04F79EFBC}") = "EaseShop.Domain", "Core\EaseShop.Domain\EaseShop.Domain.csproj", "{E19875F1-B0C1-4215-AE7A-74E0B78224CE}"
EndProject
Project("{FAE04EC0-301F-11D3-BF4B-00C04F79EFBC}") = "EaseShop.Infrastructure", "Infrastructure\EaseShop.Infrastructure\EaseShop.Infrastructure.csproj", "{28A0A772-8478-49D1-8EFC-4B2AB8C96993}"
EndProject
Project("{FAE04EC0-301F-11D3-BF4B-00C04F79EFBC}") = "EaseShop.Persistance", "Infrastructure\EaseShop.Persistance\EaseShop.Persistance.csproj", "{3D679C30-E85C-4B27-871B-E8CE8AD44299}"
EndProject
Project("{FAE04EC0-301F-11D3-BF4B-00C04F79EFBC}") = "EaseShop.Application", "Core\EaseShop.Application\EaseShop.Application.csproj", "{0D7C5340-9748-4786-B6A9-88D3E8DFB8DC}"
EndProject
Global
	GlobalSection(SolutionConfigurationPlatforms) = preSolution
		Debug|Any CPU = Debug|Any CPU
		Release|Any CPU = Release|Any CPU
	EndGlobalSection
	GlobalSection(NestedProjects) = preSolution
		{8D3D4208-5AC3-4510-BB41-4E1C9434F802} = {B0645AC6-64BE-4BE8-A6C4-8D1C9E6BF749}
		{E19875F1-B0C1-4215-AE7A-74E0B78224CE} = {9EE38DFD-D427-4984-9BA0-03D6DCDD1098}
		{28A0A772-8478-49D1-8EFC-4B2AB8C96993} = {942A6253-FF2C-4DA3-92B7-726357967A5D}
		{3D679C30-E85C-4B27-871B-E8CE8AD44299} = {942A6253-FF2C-4DA3-92B7-726357967A5D}
		{0D7C5340-9748-4786-B6A9-88D3E8DFB8DC} = {9EE38DFD-D427-4984-9BA0-03D6DCDD1098}
	EndGlobalSection
	GlobalSection(ProjectConfigurationPlatforms) = postSolution
		{8D3D4208-5AC3-4510-BB41-4E1C9434F802}.Debug|Any CPU.ActiveCfg = Debug|Any CPU
		{8D3D4208-5AC3-4510-BB41-4E1C9434F802}.Debug|Any CPU.Build.0 = Debug|Any CPU
		{8D3D4208-5AC3-4510-BB41-4E1C9434F802}.Release|Any CPU.ActiveCfg = Release|Any CPU
		{8D3D4208-5AC3-4510-BB41-4E1C9434F802}.Release|Any CPU.Build.0 = Release|Any CPU
		{E19875F1-B0C1-4215-AE7A-74E0B78224CE}.Debug|Any CPU.ActiveCfg = Debug|Any CPU
		{E19875F1-B0C1-4215-AE7A-74E0B78224CE}.Debug|Any CPU.Build.0 = Debug|Any CPU
		{E19875F1-B0C1-4215-AE7A-74E0B78224CE}.Release|Any CPU.ActiveCfg = Release|Any CPU
		{E19875F1-B0C1-4215-AE7A-74E0B78224CE}.Release|Any CPU.Build.0 = Release|Any CPU
		{28A0A772-8478-49D1-8EFC-4B2AB8C96993}.Debug|Any CPU.ActiveCfg = Debug|Any CPU
		{28A0A772-8478-49D1-8EFC-4B2AB8C96993}.Debug|Any CPU.Build.0 = Debug|Any CPU
		{28A0A772-8478-49D1-8EFC-4B2AB8C96993}.Release|Any CPU.ActiveCfg = Release|Any CPU
		{28A0A772-8478-49D1-8EFC-4B2AB8C96993}.Release|Any CPU.Build.0 = Release|Any CPU
		{3D679C30-E85C-4B27-871B-E8CE8AD44299}.Debug|Any CPU.ActiveCfg = Debug|Any CPU
		{3D679C30-E85C-4B27-871B-E8CE8AD44299}.Debug|Any CPU.Build.0 = Debug|Any CPU
		{3D679C30-E85C-4B27-871B-E8CE8AD44299}.Release|Any CPU.ActiveCfg = Release|Any CPU
		{3D679C30-E85C-4B27-871B-E8CE8AD44299}.Release|Any CPU.Build.0 = Release|Any CPU
		{0D7C5340-9748-4786-B6A9-88D3E8DFB8DC}.Debug|Any CPU.ActiveCfg = Debug|Any CPU
		{0D7C5340-9748-4786-B6A9-88D3E8DFB8DC}.Debug|Any CPU.Build.0 = Debug|Any CPU
		{0D7C5340-9748-4786-B6A9-88D3E8DFB8DC}.Release|Any CPU.ActiveCfg = Release|Any CPU
		{0D7C5340-9748-4786-B6A9-88D3E8DFB8DC}.Release|Any CPU.Build.0 = Release|Any CPU
	EndGlobalSection
EndGlobal
